
Microsoft Visual Studio Solution File, Format Version 12.00
# Visual Studio 15
VisualStudioVersion = 15.0.26730.3
MinimumVisualStudioVersion = 10.0.40219.1
Project("{FAE04EC0-301F-11D3-BF4B-00C04F79EFBC}") = "WebApplication1", "WebApplication1\WebApplication1.csproj", "{6576BE9D-7092-487D-A2A8-EA926FE98472}"
EndProject
Global
	GlobalSection(SolutionConfigurationPlatforms) = preSolution
		Debug|Any CPU = Debug|Any CPU
		Release|Any CPU = Release|Any CPU
	EndGlobalSection
	GlobalSection(ProjectConfigurationPlatforms) = postSolution
		{6576BE9D-7092-487D-A2A8-EA926FE98472}.Debug|Any CPU.ActiveCfg = Debug|Any CPU
		{6576BE9D-7092-487D-A2A8-EA926FE98472}.Debug|Any CPU.Build.0 = Debug|Any CPU
		{6576BE9D-7092-487D-A2A8-EA926FE98472}.Release|Any CPU.ActiveCfg = Release|Any CPU
		{6576BE9D-7092-487D-A2A8-EA926FE98472}.Release|Any CPU.Build.0 = Release|Any CPU
	EndGlobalSection
	GlobalSection(SolutionProperties) = preSolution
		HideSolutionNode = FALSE
	EndGlobalSection
	GlobalSection(ExtensibilityGlobals) = postSolution
		SolutionGuid = {4CF0ABFD-4EC4-42B6-B13B-DABA41CF4FBD}
	EndGlobalSection
EndGlobal
